
Microsoft Visual Studio Solution File, Format Version 12.00
# Visual Studio Version 16
VisualStudioVersion = 16.0.30225.117
MinimumVisualStudioVersion = 10.0.40219.1
Project("{9A19103F-16F7-4668-BE54-9A1E7A4F7556}") = "EFCoreWebApi", "EFCoreWebApi.csproj", "{561A8EDB-9E50-49FA-B600-F9308960DB6F}"
EndProject
Project("{FAE04EC0-301F-11D3-BF4B-00C04F79EFBC}") = "EFcore.Domain", "..\EFcore.Domain\EFcore.Domain.csproj", "{614A88C5-6B34-4923-9DDA-D8C547FB8434}"
EndProject
Project("{FAE04EC0-301F-11D3-BF4B-00C04F79EFBC}") = "EFCore.Repo", "..\EFCore.Repo\EFCore.Repo.csproj", "{8D5F6702-3E3E-4936-8506-191992BA4157}"
EndProject
Global
	GlobalSection(SolutionConfigurationPlatforms) = preSolution
		Debug|Any CPU = Debug|Any CPU
		Release|Any CPU = Release|Any CPU
	EndGlobalSection
	GlobalSection(ProjectConfigurationPlatforms) = postSolution
		{561A8EDB-9E50-49FA-B600-F9308960DB6F}.Debug|Any CPU.ActiveCfg = Debug|Any CPU
		{561A8EDB-9E50-49FA-B600-F9308960DB6F}.Debug|Any CPU.Build.0 = Debug|Any CPU
		{561A8EDB-9E50-49FA-B600-F9308960DB6F}.Release|Any CPU.ActiveCfg = Release|Any CPU
		{561A8EDB-9E50-49FA-B600-F9308960DB6F}.Release|Any CPU.Build.0 = Release|Any CPU
		{614A88C5-6B34-4923-9DDA-D8C547FB8434}.Debug|Any CPU.ActiveCfg = Debug|Any CPU
		{614A88C5-6B34-4923-9DDA-D8C547FB8434}.Debug|Any CPU.Build.0 = Debug|Any CPU
		{614A88C5-6B34-4923-9DDA-D8C547FB8434}.Release|Any CPU.ActiveCfg = Release|Any CPU
		{614A88C5-6B34-4923-9DDA-D8C547FB8434}.Release|Any CPU.Build.0 = Release|Any CPU
		{8D5F6702-3E3E-4936-8506-191992BA4157}.Debug|Any CPU.ActiveCfg = Debug|Any CPU
		{8D5F6702-3E3E-4936-8506-191992BA4157}.Debug|Any CPU.Build.0 = Debug|Any CPU
		{8D5F6702-3E3E-4936-8506-191992BA4157}.Release|Any CPU.ActiveCfg = Release|Any CPU
		{8D5F6702-3E3E-4936-8506-191992BA4157}.Release|Any CPU.Build.0 = Release|Any CPU
	EndGlobalSection
	GlobalSection(SolutionProperties) = preSolution
		HideSolutionNode = FALSE
	EndGlobalSection
	GlobalSection(ExtensibilityGlobals) = postSolution
		SolutionGuid = {80BC530E-F522-4CE8-9884-2FF77A3826E7}
	EndGlobalSection
EndGlobal
